// !$*UTF8*$!
{
	archiveVersion = 1;
	classes = {
	};
	objectVersion = 46;
	objects = {

/* Begin PBXBuildFile section */
		7A2243A71E8787160037284A /* AppDelegate.swift in Sources */ = {isa = PBXBuildFile; fileRef = 7A2243A61E8787160037284A /* AppDelegate.swift */; };
		7A2243A91E8787160037284A /* ViewController.swift in Sources */ = {isa = PBXBuildFile; fileRef = 7A2243A81E8787160037284A /* ViewController.swift */; };
		7A2243AC1E8787160037284A /* Main.storyboard in Resources */ = {isa = PBXBuildFile; fileRef = 7A2243AA1E8787160037284A /* Main.storyboard */; };
		7A2243AE1E8787160037284A /* Assets.xcassets in Resources */ = {isa = PBXBuildFile; fileRef = 7A2243AD1E8787160037284A /* Assets.xcassets */; };
		7A2243B11E8787160037284A /* LaunchScreen.storyboard in Resources */ = {isa = PBXBuildFile; fileRef = 7A2243AF1E8787160037284A /* LaunchScreen.storyboard */; };
/* End PBXBuildFile section */

/* Begin PBXFileReference section */
		7A2243A31E8787160037284A /* samplePicLibApp.app */ = {isa = PBXFileReference; explicitFileType = wrapper.application; includeInIndex = 0; path = samplePicLibApp.app; sourceTree = BUILT_PRODUCTS_DIR; };
		7A2243A61E8787160037284A /* AppDelegate.swift */ = {isa = PBXFileReference; lastKnownFileType = sourcecode.swift; path = AppDelegate.swift; sourceTree = "<group>"; };
		7A2243A81E8787160037284A /* ViewController.swift */ = {isa = PBXFileReference; lastKnownFileType = sourcecode.swift; path = ViewController.swift; sourceTree = "<group>"; };
		7A2243AB1E8787160037284A /* Base */ = {isa = PBXFileReference; lastKnownFileType = file.storyboard; name = Base; path = Base.lproj/Main.storyboard; sourceTree = "<group>"; };
		7A2243AD1E8787160037284A /* Assets.xcassets */ = {isa = PBXFileReference; lastKnownFileType = folder.assetcatalog; path = Assets.xcassets; sourceTree = "<group>"; };
		7A2243B01E8787160037284A /* Base */ = {isa = PBXFileReference; lastKnownFileType = file.storyboard; name = Base; path = Base.lproj/LaunchScreen.storyboard; sourceTree = "<group>"; };
		7A2243B21E8787160037284A /* Info.plist */ = {isa = PBXFileReference; lastKnownFileType = text.plist.xml; path = Info.plist; sourceTree = "<group>"; };
/* End PBXFileReference section */

/* Begin PBXFrameworksBuildPhase section */
		7A2243A01E8787160037284A /* Frameworks */ = {
			isa = PBXFrameworksBuildPhase;
			buildActionMask = 2147483647;
			files = (
			);
			runOnlyForDeploymentPostprocessing = 0;
		};
/* End PBXFrameworksBuildPhase section */

/* Begin PBXGroup section */
		7A22439A1E8787160037284A = {
			isa = PBXGroup;
			children = (
				7A2243A51E8787160037284A /* samplePicLibApp */,
				7A2243A41E8787160037284A /* Products */,
			);
			sourceTree = "<group>";
		};
		7A2243A41E8787160037284A /* Products */ = {
			isa = PBXGroup;
			children = (
				7A2243A31E8787160037284A /* samplePicLibApp.app */,
			);
			name = Products;
			sourceTree = "<group>";
		};
		7A2243A51E8787160037284A /* samplePicLibApp */ = {
			isa = PBXGroup;
			children = (
				7A2243A61E8787160037284A /* AppDelegate.swift */,
				7A2243A81E8787160037284A /* ViewController.swift */,
				7A2243AA1E8787160037284A /* Main.storyboard */,
				7A2243AD1E8787160037284A /* Assets.xcassets */,
				7A2243AF1E8787160037284A /* LaunchScreen.storyboard */,
				7A2243B21E8787160037284A /* Info.plist */,
			);
			path = samplePicLibApp;
			sourceTree = "<group>";
		};
/* End PBXGroup section */

/* Begin PBXNativeTarget section */
		7A2243A21E8787160037284A /* samplePicLibApp */ = {
			isa = PBXNativeTarget;
			buildConfigurationList = 7A2243B51E8787160037284A /* Build configuration list for PBXNativeTarget "samplePicLibApp" */;
			buildPhases = (
				7A22439F1E8787160037284A /* Sources */,
				7A2243A01E8787160037284A /* Frameworks */,
				7A2243A11E8787160037284A /* Resources */,
			);
			buildRules = (
			);
			dependencies = (
			);
			name = samplePicLibApp;
			productName = samplePicLibApp;
			productReference = 7A2243A31E8787160037284A /* samplePicLibApp.app */;
			productType = "com.apple.product-type.application";
		};
/* End PBXNativeTarget section */

/* Begin PBXProject section */
		7A22439B1E8787160037284A /* Project object */ = {
			isa = PBXProject;
			attributes = {
				LastSwiftUpdateCheck = 0820;
				LastUpgradeCheck = 0820;
				ORGANIZATIONNAME = "Muneharu Onoue";
				TargetAttributes = {
					7A2243A21E8787160037284A = {
						CreatedOnToolsVersion = 8.2.1;
						DevelopmentTeam = 9F3KC5MR2C;
						ProvisioningStyle = Automatic;
					};
				};
			};
			buildConfigurationList = 7A22439E1E8787160037284A /* Build configuration list for PBXProject "samplePicLibApp" */;
			compatibilityVersion = "Xcode 3.2";
			developmentRegion = English;
			hasScannedForEncodings = 0;
			knownRegions = (
				en,
				Base,
			);
			mainGroup = 7A22439A1E8787160037284A;
			productRefGroup = 7A2243A41E8787160037284A /* Products */;
			projectDirPath = "";
			projectRoot = "";
			targets = (
				7A2243A21E8787160037284A /* samplePicLibApp */,
			);
		};
/* End PBXProject section */

/* Begin PBXResourcesBuildPhase section */
		7A2243A11E8787160037284A /* Resources */ = {
			isa = PBXResourcesBuildPhase;
			buildActionMask = 2147483647;
			files = (
				7A2243B11E8787160037284A /* LaunchScreen.storyboard in Resources */,
				7A2243AE1E8787160037284A /* Assets.xcassets in Resources */,
				7A2243AC1E8787160037284A /* Main.storyboard in Resources */,
			);
			runOnlyForDeploymentPostprocessing = 0;
		};
/* End PBXResourcesBuildPhase section */

/* Begin PBXSourcesBuildPhase section */
		7A22439F1E8787160037284A /* Sources */ = {
			isa = PBXSourcesBuildPhase;
			buildActionMask = 2147483647;
			files = (
				7A2243A91E8787160037284A /* ViewController.swift in Sources */,
				7A2243A71E8787160037284A /* AppDelegate.swift in Sources */,
			);
			runOnlyForDeploymentPostprocessing = 0;
		};
/* End PBXSourcesBuildPhase section */

/* Begin PBXVariantGroup section */
		7A2243AA1E8787160037284A /* Main.storyboard */ = {
			isa = PBXVariantGroup;
			children = (
				7A2243AB1E8787160037284A /* Base */,
			);
			name = Main.storyboard;
			sourceTree = "<group>";
		};
		7A2243AF1E8787160037284A /* LaunchScreen.storyboard */ = {
			isa = PBXVariantGroup;
			children = (
				7A2243B01E8787160037284A /* Base */,
			);
			name = LaunchScreen.storyboard;
			sourceTree = "<group>";
		};
/* End PBXVariantGroup section */

/* Begin XCBuildConfiguration section */
		7A2243B31E8787160037284A /* Debug */ = {
			isa = XCBuildConfiguration;
			buildSettings = {
				ALWAYS_SEARCH_USER_PATHS = NO;
				CLANG_ANALYZER_NONNULL = YES;
				CLANG_CXX_LANGUAGE_STANDARD = "gnu++0x";
				CLANG_CXX_LIBRARY = "libc++";
				CLANG_ENABLE_MODULES = YES;
				CLANG_ENABLE_OBJC_ARC = YES;
				CLANG_WARN_BOOL_CONVERSION = YES;
				CLANG_WARN_CONSTANT_CONVERSION = YES;
				CLANG_WARN_DIRECT_OBJC_ISA_USAGE = YES_ERROR;
				CLANG_WARN_DOCUMENTATION_COMMENTS = YES;
				CLANG_WARN_EMPTY_BODY = YES;
				CLANG_WARN_ENUM_CONVERSION = YES;
				CLANG_WARN_INFINITE_RECURSION = YES;
				CLANG_WARN_INT_CONVERSION = YES;
				CLANG_WARN_OBJC_ROOT_CLASS = YES_ERROR;
				CLANG_WARN_SUSPICIOUS_MOVE = YES;
				CLANG_WARN_UNREACHABLE_CODE = YES;
				CLANG_WARN__DUPLICATE_METHOD_MATCH = YES;
				"CODE_SIGN_IDENTITY[sdk=iphoneos*]" = "iPhone Developer";
				COPY_PHASE_STRIP = NO;
				DEBUG_INFORMATION_FORMAT = dwarf;
				ENABLE_STRICT_OBJC_MSGSEND = YES;
				ENABLE_TESTABILITY = YES;
				GCC_C_LANGUAGE_STANDARD = gnu99;
				GCC_DYNAMIC_NO_PIC = NO;
				GCC_NO_COMMON_BLOCKS = YES;
				GCC_OPTIMIZATION_LEVEL = 0;
				GCC_PREPROCESSOR_DEFINITIONS = (
					"DEBUG=1",
					"$(inherited)",
				);
				GCC_WARN_64_TO_32_BIT_CONVERSION = YES;
				GCC_WARN_ABOUT_RETURN_TYPE = YES_ERROR;
				GCC_WARN_UNDECLARED_SELECTOR = YES;
				GCC_WARN_UNINITIALIZED_AUTOS = YES_AGGRESSIVE;
				GCC_WARN_UNUSED_FUNCTION = YES;
				GCC_WARN_UNUSED_VARIABLE = YES;
				IPHONEOS_DEPLOYMENT_TARGET = 10.2;
				MTL_ENABLE_DEBUG_INFO = YES;
				ONLY_ACTIVE_ARCH = YES;
				SDKROOT = iphoneos;
				SWIFT_ACTIVE_COMPILATION_CONDITIONS = DEBUG;
				SWIFT_OPTIMIZATION_LEVEL = "-Onone";
			};
			name = Debug;
		};
		7A2243B41E8787160037284A /* Release */ = {
			isa = XCBuildConfiguration;
			buildSettings = {
				ALWAYS_SEARCH_USER_PATHS = NO;
				CLANG_ANALYZER_NONNULL = YES;
				CLANG_CXX_LANGUAGE_STANDARD = "gnu++0x";
				CLANG_CXX_LIBRARY = "libc++";
				CLANG_ENABLE_MODULES = YES;
				CLANG_ENABLE_OBJC_ARC = YES;
				CLANG_WARN_BOOL_CONVERSION = YES;
				CLANG_WARN_CONSTANT_CONVERSION = YES;
				CLANG_WARN_DIRECT_OBJC_ISA_USAGE = YES_ERROR;
				CLANG_WARN_DOCUMENTATION_COMMENTS = YES;
				CLANG_WARN_EMPTY_BODY = YES;
				CLANG_WARN_ENUM_CONVERSION = YES;
				CLANG_WARN_INFINITE_RECURSION = YES;
				CLANG_WARN_INT_CONVERSION = YES;
				CLANG_WARN_OBJC_ROOT_CLASS = YES_ERROR;
				CLANG_WARN_SUSPICIOUS_MOVE = YES;
				CLANG_WARN_UNREACHABLE_CODE = YES;
				CLANG_WARN__DUPLICATE_METHOD_MATCH = YES;
				"CODE_SIGN_IDENTITY[sdk=iphoneos*]" = "iPhone Developer";
				COPY_PHASE_STRIP = NO;
				DEBUG_INFORMATION_FORMAT = "dwarf-with-dsym";
				ENABLE_NS_ASSERTIONS = NO;
				ENABLE_STRICT_OBJC_MSGSEND = YES;
				GCC_C_LANGUAGE_STANDARD = gnu99;
				GCC_NO_COMMON_BLOCKS = YES;
				GCC_WARN_64_TO_32_BIT_CONVERSION = YES;
				GCC_WARN_ABOUT_RETURN_TYPE = YES_ERROR;
				GCC_WARN_UNDECLARED_SELECTOR = YES;
				GCC_WARN_UNINITIALIZED_AUTOS = YES_AGGRESSIVE;
				GCC_WARN_UNUSED_FUNCTION = YES;
				GCC_WARN_UNUSED_VARIABLE = YES;
				IPHONEOS_DEPLOYMENT_TARGET = 10.2;
				MTL_ENABLE_DEBUG_INFO = NO;
				SDKROOT = iphoneos;
				SWIFT_OPTIMIZATION_LEVEL = "-Owholemodule";
				VALIDATE_PRODUCT = YES;
			};
			name = Release;
		};
		7A2243B61E8787160037284A /* Debug */ = {
			isa = XCBuildConfiguration;
			buildSettings = {
				ASSETCATALOG_COMPILER_APPICON_NAME = AppIcon;
				DEVELOPMENT_TEAM = 9F3KC5MR2C;
				INFOPLIST_FILE = samplePicLibApp/Info.plist;
				LD_RUNPATH_SEARCH_PATHS = "$(inherited) @executable_path/Frameworks";
				PRODUCT_BUNDLE_IDENTIFIER = com.geelive.samplePicLibApp;
				PRODUCT_NAME = "$(TARGET_NAME)";
				SWIFT_VERSION = 3.0;
			};
			name = Debug;
		};
		7A2243B71E8787160037284A /* Release */ = {
			isa = XCBuildConfiguration;
			buildSettings = {
				ASSETCATALOG_COMPILER_APPICON_NAME = AppIcon;
				DEVELOPMENT_TEAM = 9F3KC5MR2C;
				INFOPLIST_FILE = samplePicLibApp/Info.plist;
				LD_RUNPATH_SEARCH_PATHS = "$(inherited) @executable_path/Frameworks";
				PRODUCT_BUNDLE_IDENTIFIER = com.geelive.samplePicLibApp;
				PRODUCT_NAME = "$(TARGET_NAME)";
				SWIFT_VERSION = 3.0;
			};
			name = Release;
		};
/* End XCBuildConfiguration section */

/* Begin XCConfigurationList section */
		7A22439E1E8787160037284A /* Build configuration list for PBXProject "samplePicLibApp" */ = {
			isa = XCConfigurationList;
			buildConfigurations = (
				7A2243B31E8787160037284A /* Debug */,
				7A2243B41E8787160037284A /* Release */,
			);
			defaultConfigurationIsVisible = 0;
			defaultConfigurationName = Release;
		};
		7A2243B51E8787160037284A /* Build configuration list for PBXNativeTarget "samplePicLibApp" */ = {
			isa = XCConfigurationList;
			buildConfigurations = (
				7A2243B61E8787160037284A /* Debug */,
				7A2243B71E8787160037284A /* Release */,
			);
			defaultConfigurationIsVisible = 0;
		};
/* End XCConfigurationList section */
	};
	rootObject = 7A22439B1E8787160037284A /* Project object */;
}
